
Microsoft Visual Studio Solution File, Format Version 12.00
# Visual Studio Version 17
VisualStudioVersion = 17.2.32526.322
MinimumVisualStudioVersion = 10.0.40219.1
Project("{9A19103F-16F7-4668-BE54-9A1E7A4F7556}") = "SpotifyDemo1", "SpotifyDemo1.csproj", "{944E01F2-4581-4F4A-9AB0-AD5B15029391}"
EndProject
Global
	GlobalSection(SolutionConfigurationPlatforms) = preSolution
		Debug|Any CPU = Debug|Any CPU
		Release|Any CPU = Release|Any CPU
	EndGlobalSection
	GlobalSection(ProjectConfigurationPlatforms) = postSolution
		{944E01F2-4581-4F4A-9AB0-AD5B15029391}.Debug|Any CPU.ActiveCfg = Debug|Any CPU
		{944E01F2-4581-4F4A-9AB0-AD5B15029391}.Debug|Any CPU.Build.0 = Debug|Any CPU
		{944E01F2-4581-4F4A-9AB0-AD5B15029391}.Release|Any CPU.ActiveCfg = Release|Any CPU
		{944E01F2-4581-4F4A-9AB0-AD5B15029391}.Release|Any CPU.Build.0 = Release|Any CPU
	EndGlobalSection
	GlobalSection(SolutionProperties) = preSolution
		HideSolutionNode = FALSE
	EndGlobalSection
	GlobalSection(ExtensibilityGlobals) = postSolution
		SolutionGuid = {16C6E86F-FE46-4B42-9407-75C014CBF78B}
	EndGlobalSection
EndGlobal
